
Microsoft Visual Studio Solution File, Format Version 12.00
# Visual Studio Version 17
VisualStudioVersion = 17.10.34607.79
MinimumVisualStudioVersion = 10.0.40219.1
Project("{9A19103F-16F7-4668-BE54-9A1E7A4F7556}") = "TalkToDoc", "TalkToDoc\TalkToDoc.csproj", "{55888024-171F-4115-902C-44C72A75CBCE}"
EndProject
Project("{9A19103F-16F7-4668-BE54-9A1E7A4F7556}") = "TalkToDoc.Client", "TalkToDoc.Client\TalkToDoc.Client.csproj", "{D71CDB56-AA63-440C-89A7-ABE3CBC55108}"
EndProject
Global
	GlobalSection(SolutionConfigurationPlatforms) = preSolution
		Debug|Any CPU = Debug|Any CPU
		Release|Any CPU = Release|Any CPU
	EndGlobalSection
	GlobalSection(ProjectConfigurationPlatforms) = postSolution
		{55888024-171F-4115-902C-44C72A75CBCE}.Debug|Any CPU.ActiveCfg = Debug|Any CPU
		{55888024-171F-4115-902C-44C72A75CBCE}.Debug|Any CPU.Build.0 = Debug|Any CPU
		{55888024-171F-4115-902C-44C72A75CBCE}.Release|Any CPU.ActiveCfg = Release|Any CPU
		{55888024-171F-4115-902C-44C72A75CBCE}.Release|Any CPU.Build.0 = Release|Any CPU
		{D71CDB56-AA63-440C-89A7-ABE3CBC55108}.Debug|Any CPU.ActiveCfg = Debug|Any CPU
		{D71CDB56-AA63-440C-89A7-ABE3CBC55108}.Debug|Any CPU.Build.0 = Debug|Any CPU
		{D71CDB56-AA63-440C-89A7-ABE3CBC55108}.Release|Any CPU.ActiveCfg = Release|Any CPU
		{D71CDB56-AA63-440C-89A7-ABE3CBC55108}.Release|Any CPU.Build.0 = Release|Any CPU
	EndGlobalSection
	GlobalSection(SolutionProperties) = preSolution
		HideSolutionNode = FALSE
	EndGlobalSection
	GlobalSection(ExtensibilityGlobals) = postSolution
		SolutionGuid = {FC3046CF-2E03-4B71-88F5-938C3F7C38CF}
	EndGlobalSection
EndGlobal
